
Microsoft Visual Studio Solution File, Format Version 11.00
# Visual Studio 2010
Project("{FAE04EC0-301F-11D3-BF4B-00C04F79EFBC}") = "CodeWriterSimChart", "CodeWriterSimChart\CodeWriterSimChart.csproj", "{FC65FC4E-86AA-4063-B3F9-7F88A171D6FA}"
EndProject
Global
	GlobalSection(SolutionConfigurationPlatforms) = preSolution
		Debug|x86 = Debug|x86
		Release|x86 = Release|x86
	EndGlobalSection
	GlobalSection(ProjectConfigurationPlatforms) = postSolution
		{FC65FC4E-86AA-4063-B3F9-7F88A171D6FA}.Debug|x86.ActiveCfg = Debug|x86
		{FC65FC4E-86AA-4063-B3F9-7F88A171D6FA}.Debug|x86.Build.0 = Debug|x86
		{FC65FC4E-86AA-4063-B3F9-7F88A171D6FA}.Release|x86.ActiveCfg = Release|x86
		{FC65FC4E-86AA-4063-B3F9-7F88A171D6FA}.Release|x86.Build.0 = Release|x86
	EndGlobalSection
	GlobalSection(SolutionProperties) = preSolution
		HideSolutionNode = FALSE
	EndGlobalSection
EndGlobal
